
Microsoft Visual Studio Solution File, Format Version 11.00
# Visual Studio 2010
Project("{FAE04EC0-301F-11D3-BF4B-00C04F79EFBC}") = "Stma_BANCARIO_P", "Stma_BANCARIO_P\Stma_BANCARIO_P.csproj", "{5B7E7214-AF83-4357-AD4E-82762F35D02F}"
EndProject
Global
	GlobalSection(SolutionConfigurationPlatforms) = preSolution
		Debug|x86 = Debug|x86
		Release|x86 = Release|x86
	EndGlobalSection
	GlobalSection(ProjectConfigurationPlatforms) = postSolution
		{5B7E7214-AF83-4357-AD4E-82762F35D02F}.Debug|x86.ActiveCfg = Debug|x86
		{5B7E7214-AF83-4357-AD4E-82762F35D02F}.Debug|x86.Build.0 = Debug|x86
		{5B7E7214-AF83-4357-AD4E-82762F35D02F}.Release|x86.ActiveCfg = Release|x86
		{5B7E7214-AF83-4357-AD4E-82762F35D02F}.Release|x86.Build.0 = Release|x86
	EndGlobalSection
	GlobalSection(SolutionProperties) = preSolution
		HideSolutionNode = FALSE
	EndGlobalSection
EndGlobal
